Microsoft Visual Studio Solution File, Format Version 12.00
# Visual Studio 2012
Project("{FAE04EC0-301F-11D3-BF4B-00C04F79EFBC}") = "永世沙漏娘化", "永世沙漏娘化.csproj", "{BC07DA47-94D9-45F8-8191-65E3E9CCC40D}"
EndProject
Global
	GlobalSection(SolutionConfigurationPlatforms) = preSolution
	Debug|Any CPU = Debug|Any CPU
	ExportDebug|Any CPU = ExportDebug|Any CPU
	ExportRelease|Any CPU = ExportRelease|Any CPU
	EndGlobalSection
	GlobalSection(ProjectConfigurationPlatforms) = postSolution
		{BC07DA47-94D9-45F8-8191-65E3E9CCC40D}.Debug|Any CPU.ActiveCfg = Debug|Any CPU
		{BC07DA47-94D9-45F8-8191-65E3E9CCC40D}.Debug|Any CPU.Build.0 = Debug|Any CPU
		{BC07DA47-94D9-45F8-8191-65E3E9CCC40D}.ExportDebug|Any CPU.ActiveCfg = ExportDebug|Any CPU
		{BC07DA47-94D9-45F8-8191-65E3E9CCC40D}.ExportDebug|Any CPU.Build.0 = ExportDebug|Any CPU
		{BC07DA47-94D9-45F8-8191-65E3E9CCC40D}.ExportRelease|Any CPU.ActiveCfg = ExportRelease|Any CPU
		{BC07DA47-94D9-45F8-8191-65E3E9CCC40D}.ExportRelease|Any CPU.Build.0 = ExportRelease|Any CPU
	EndGlobalSection
EndGlobal
